// !$*UTF8*$!
{
	archiveVersion = 1;
	classes = {
	};
	objectVersion = 56;
	objects = {

/* Begin PBXBuildFile section */
		35660B5729B3297C000FC36C /* AppDelegate.swift in Sources */ = {isa = PBXBuildFile; fileRef = 35660B5629B3297C000FC36C /* AppDelegate.swift */; };
		35660B5929B3297C000FC36C /* SceneDelegate.swift in Sources */ = {isa = PBXBuildFile; fileRef = 35660B5829B3297C000FC36C /* SceneDelegate.swift */; };
		35660B5B29B3297C000FC36C /* MainTabBarViewController.swift in Sources */ = {isa = PBXBuildFile; fileRef = 35660B5A29B3297C000FC36C /* MainTabBarViewController.swift */; };
		35660B6029B3297D000FC36C /* Assets.xcassets in Resources */ = {isa = PBXBuildFile; fileRef = 35660B5F29B3297D000FC36C /* Assets.xcassets */; };
		35660B6329B3297D000FC36C /* LaunchScreen.storyboard in Resources */ = {isa = PBXBuildFile; fileRef = 35660B6129B3297D000FC36C /* LaunchScreen.storyboard */; };
		35660B6C29B32DC2000FC36C /* HomeViewController.swift in Sources */ = {isa = PBXBuildFile; fileRef = 35660B6B29B32DC2000FC36C /* HomeViewController.swift */; };
		35660B6F29B32E28000FC36C /* UpcomingViewController.swift in Sources */ = {isa = PBXBuildFile; fileRef = 35660B6E29B32E28000FC36C /* UpcomingViewController.swift */; };
		35660B7129B32E67000FC36C /* SearchViewController.swift in Sources */ = {isa = PBXBuildFile; fileRef = 35660B7029B32E67000FC36C /* SearchViewController.swift */; };
		35660B7329B32E89000FC36C /* DownloadsViewController.swift in Sources */ = {isa = PBXBuildFile; fileRef = 35660B7229B32E89000FC36C /* DownloadsViewController.swift */; };
		35660B7929B37DAD000FC36C /* CollectionViewTableViewCell.swift in Sources */ = {isa = PBXBuildFile; fileRef = 35660B7829B37DAD000FC36C /* CollectionViewTableViewCell.swift */; };
		35660B7B29B38D60000FC36C /* HeroHeaderUIView.swift in Sources */ = {isa = PBXBuildFile; fileRef = 35660B7A29B38D60000FC36C /* HeroHeaderUIView.swift */; };
		35660B7D29B3C0F0000FC36C /* APICaller.swift in Sources */ = {isa = PBXBuildFile; fileRef = 35660B7C29B3C0F0000FC36C /* APICaller.swift */; };
		35660B7F29B3C681000FC36C /* Title.swift in Sources */ = {isa = PBXBuildFile; fileRef = 35660B7E29B3C681000FC36C /* Title.swift */; };
		35D94D0F29B4526000086045 /* Extensions.swift in Sources */ = {isa = PBXBuildFile; fileRef = 35D94D0E29B4526000086045 /* Extensions.swift */; };
		35D94D1329B463B300086045 /* TitleCollectionViewCell.swift in Sources */ = {isa = PBXBuildFile; fileRef = 35D94D1229B463B300086045 /* TitleCollectionViewCell.swift */; };
		35D94D1629B4657000086045 /* SDWebImage in Frameworks */ = {isa = PBXBuildFile; productRef = 35D94D1529B4657000086045 /* SDWebImage */; };
		35D94D1829B4657000086045 /* SDWebImageMapKit in Frameworks */ = {isa = PBXBuildFile; productRef = 35D94D1729B4657000086045 /* SDWebImageMapKit */; };
		35D94D1A29B47C2500086045 /* TitleTableViewCell.swift in Sources */ = {isa = PBXBuildFile; fileRef = 35D94D1929B47C2500086045 /* TitleTableViewCell.swift */; };
		35D94D1C29B4CAB800086045 /* TitleViewModel.swift in Sources */ = {isa = PBXBuildFile; fileRef = 35D94D1B29B4CAB800086045 /* TitleViewModel.swift */; };
/* End PBXBuildFile section */

/* Begin PBXFileReference section */
		35660B5329B3297C000FC36C /* Netflix.app */ = {isa = PBXFileReference; explicitFileType = wrapper.application; includeInIndex = 0; path = Netflix.app; sourceTree = BUILT_PRODUCTS_DIR; };
		35660B5629B3297C000FC36C /* AppDelegate.swift */ = {isa = PBXFileReference; lastKnownFileType = sourcecode.swift; path = AppDelegate.swift; sourceTree = "<group>"; };
		35660B5829B3297C000FC36C /* SceneDelegate.swift */ = {isa = PBXFileReference; lastKnownFileType = sourcecode.swift; path = SceneDelegate.swift; sourceTree = "<group>"; };
		35660B5A29B3297C000FC36C /* MainTabBarViewController.swift */ = {isa = PBXFileReference; lastKnownFileType = sourcecode.swift; path = MainTabBarViewController.swift; sourceTree = "<group>"; };
		35660B5F29B3297D000FC36C /* Assets.xcassets */ = {isa = PBXFileReference; lastKnownFileType = folder.assetcatalog; path = Assets.xcassets; sourceTree = "<group>"; };
		35660B6229B3297D000FC36C /* Base */ = {isa = PBXFileReference; lastKnownFileType = file.storyboard; name = Base; path = Base.lproj/LaunchScreen.storyboard; sourceTree = "<group>"; };
		35660B6429B3297D000FC36C /* Info.plist */ = {isa = PBXFileReference; lastKnownFileType = text.plist.xml; path = Info.plist; sourceTree = "<group>"; };
		35660B6B29B32DC2000FC36C /* HomeViewController.swift */ = {isa = PBXFileReference; lastKnownFileType = sourcecode.swift; path = HomeViewController.swift; sourceTree = "<group>"; };
		35660B6E29B32E28000FC36C /* UpcomingViewController.swift */ = {isa = PBXFileReference; lastKnownFileType = sourcecode.swift; path = UpcomingViewController.swift; sourceTree = "<group>"; };
		35660B7029B32E67000FC36C /* SearchViewController.swift */ = {isa = PBXFileReference; lastKnownFileType = sourcecode.swift; path = SearchViewController.swift; sourceTree = "<group>"; };
		35660B7229B32E89000FC36C /* DownloadsViewController.swift */ = {isa = PBXFileReference; lastKnownFileType = sourcecode.swift; path = DownloadsViewController.swift; sourceTree = "<group>"; };
		35660B7829B37DAD000FC36C /* CollectionViewTableViewCell.swift */ = {isa = PBXFileReference; lastKnownFileType = sourcecode.swift; path = CollectionViewTableViewCell.swift; sourceTree = "<group>"; };
		35660B7A29B38D60000FC36C /* HeroHeaderUIView.swift */ = {isa = PBXFileReference; lastKnownFileType = sourcecode.swift; path = HeroHeaderUIView.swift; sourceTree = "<group>"; };
		35660B7C29B3C0F0000FC36C /* APICaller.swift */ = {isa = PBXFileReference; lastKnownFileType = sourcecode.swift; path = APICaller.swift; sourceTree = "<group>"; };
		35660B7E29B3C681000FC36C /* Title.swift */ = {isa = PBXFileReference; lastKnownFileType = sourcecode.swift; path = Title.swift; sourceTree = "<group>"; };
		35D94D0E29B4526000086045 /* Extensions.swift */ = {isa = PBXFileReference; lastKnownFileType = sourcecode.swift; path = Extensions.swift; sourceTree = "<group>"; };
		35D94D1229B463B300086045 /* TitleCollectionViewCell.swift */ = {isa = PBXFileReference; lastKnownFileType = sourcecode.swift; path = TitleCollectionViewCell.swift; sourceTree = "<group>"; };
		35D94D1929B47C2500086045 /* TitleTableViewCell.swift */ = {isa = PBXFileReference; lastKnownFileType = sourcecode.swift; path = TitleTableViewCell.swift; sourceTree = "<group>"; };
		35D94D1B29B4CAB800086045 /* TitleViewModel.swift */ = {isa = PBXFileReference; lastKnownFileType = sourcecode.swift; path = TitleViewModel.swift; sourceTree = "<group>"; };
/* End PBXFileReference section */

/* Begin PBXFrameworksBuildPhase section */
		35660B5029B3297C000FC36C /* Frameworks */ = {
			isa = PBXFrameworksBuildPhase;
			buildActionMask = 2147483647;
			files = (
				35D94D1829B4657000086045 /* SDWebImageMapKit in Frameworks */,
				35D94D1629B4657000086045 /* SDWebImage in Frameworks */,
			);
			runOnlyForDeploymentPostprocessing = 0;
		};
/* End PBXFrameworksBuildPhase section */

/* Begin PBXGroup section */
		35660B4A29B3297C000FC36C = {
			isa = PBXGroup;
			children = (
				35660B5529B3297C000FC36C /* Netflix */,
				35660B5429B3297C000FC36C /* Products */,
			);
			sourceTree = "<group>";
		};
		35660B5429B3297C000FC36C /* Products */ = {
			isa = PBXGroup;
			children = (
				35660B5329B3297C000FC36C /* Netflix.app */,
			);
			name = Products;
			sourceTree = "<group>";
		};
		35660B5529B3297C000FC36C /* Netflix */ = {
			isa = PBXGroup;
			children = (
				35660B7729B37D65000FC36C /* Managers */,
				35660B6D29B32DC8000FC36C /* Resources */,
				35660B7629B37CF2000FC36C /* Models */,
				35660B7429B37CE0000FC36C /* Views */,
				35660B7529B37CE7000FC36C /* ViewModels */,
				35660B6A29B32DB5000FC36C /* Controllers */,
				35660B6429B3297D000FC36C /* Info.plist */,
			);
			path = Netflix;
			sourceTree = "<group>";
		};
		35660B6A29B32DB5000FC36C /* Controllers */ = {
			isa = PBXGroup;
			children = (
				35660B5A29B3297C000FC36C /* MainTabBarViewController.swift */,
				35660B6B29B32DC2000FC36C /* HomeViewController.swift */,
				35660B6E29B32E28000FC36C /* UpcomingViewController.swift */,
				35660B7029B32E67000FC36C /* SearchViewController.swift */,
				35660B7229B32E89000FC36C /* DownloadsViewController.swift */,
			);
			path = Controllers;
			sourceTree = "<group>";
		};
		35660B6D29B32DC8000FC36C /* Resources */ = {
			isa = PBXGroup;
			children = (
				35660B6129B3297D000FC36C /* LaunchScreen.storyboard */,
				35660B5629B3297C000FC36C /* AppDelegate.swift */,
				35660B5829B3297C000FC36C /* SceneDelegate.swift */,
				35660B5F29B3297D000FC36C /* Assets.xcassets */,
				35D94D0E29B4526000086045 /* Extensions.swift */,
			);
			path = Resources;
			sourceTree = "<group>";
		};
		35660B7429B37CE0000FC36C /* Views */ = {
			isa = PBXGroup;
			children = (
				35660B7829B37DAD000FC36C /* CollectionViewTableViewCell.swift */,
				35660B7A29B38D60000FC36C /* HeroHeaderUIView.swift */,
				35D94D1229B463B300086045 /* TitleCollectionViewCell.swift */,
				35D94D1929B47C2500086045 /* TitleTableViewCell.swift */,
			);
			path = Views;
			sourceTree = "<group>";
		};
		35660B7529B37CE7000FC36C /* ViewModels */ = {
			isa = PBXGroup;
			children = (
				35D94D1B29B4CAB800086045 /* TitleViewModel.swift */,
			);
			path = ViewModels;
			sourceTree = "<group>";
		};
		35660B7629B37CF2000FC36C /* Models */ = {
			isa = PBXGroup;
			children = (
				35660B7E29B3C681000FC36C /* Title.swift */,
			);
			path = Models;
			sourceTree = "<group>";
		};
		35660B7729B37D65000FC36C /* Managers */ = {
			isa = PBXGroup;
			children = (
				35660B7C29B3C0F0000FC36C /* APICaller.swift */,
			);
			path = Managers;
			sourceTree = "<group>";
		};
/* End PBXGroup section */

/* Begin PBXNativeTarget section */
		35660B5229B3297C000FC36C /* Netflix */ = {
			isa = PBXNativeTarget;
			buildConfigurationList = 35660B6729B3297D000FC36C /* Build configuration list for PBXNativeTarget "Netflix" */;
			buildPhases = (
				35660B4F29B3297C000FC36C /* Sources */,
				35660B5029B3297C000FC36C /* Frameworks */,
				35660B5129B3297C000FC36C /* Resources */,
			);
			buildRules = (
			);
			dependencies = (
			);
			name = Netflix;
			packageProductDependencies = (
				35D94D1529B4657000086045 /* SDWebImage */,
				35D94D1729B4657000086045 /* SDWebImageMapKit */,
			);
			productName = Netflix;
			productReference = 35660B5329B3297C000FC36C /* Netflix.app */;
			productType = "com.apple.product-type.application";
		};
/* End PBXNativeTarget section */

/* Begin PBXProject section */
		35660B4B29B3297C000FC36C /* Project object */ = {
			isa = PBXProject;
			attributes = {
				BuildIndependentTargetsInParallel = 1;
				LastSwiftUpdateCheck = 1420;
				LastUpgradeCheck = 1420;
				TargetAttributes = {
					35660B5229B3297C000FC36C = {
						CreatedOnToolsVersion = 14.2;
					};
				};
			};
			buildConfigurationList = 35660B4E29B3297C000FC36C /* Build configuration list for PBXProject "Netflix" */;
			compatibilityVersion = "Xcode 14.0";
			developmentRegion = en;
			hasScannedForEncodings = 0;
			knownRegions = (
				en,
				Base,
			);
			mainGroup = 35660B4A29B3297C000FC36C;
			packageReferences = (
				35D94D1429B4657000086045 /* XCRemoteSwiftPackageReference "SDWebImage" */,
			);
			productRefGroup = 35660B5429B3297C000FC36C /* Products */;
			projectDirPath = "";
			projectRoot = "";
			targets = (
				35660B5229B3297C000FC36C /* Netflix */,
			);
		};
/* End PBXProject section */

/* Begin PBXResourcesBuildPhase section */
		35660B5129B3297C000FC36C /* Resources */ = {
			isa = PBXResourcesBuildPhase;
			buildActionMask = 2147483647;
			files = (
				35660B6329B3297D000FC36C /* LaunchScreen.storyboard in Resources */,
				35660B6029B3297D000FC36C /* Assets.xcassets in Resources */,
			);
			runOnlyForDeploymentPostprocessing = 0;
		};
/* End PBXResourcesBuildPhase section */

/* Begin PBXSourcesBuildPhase section */
		35660B4F29B3297C000FC36C /* Sources */ = {
			isa = PBXSourcesBuildPhase;
			buildActionMask = 2147483647;
			files = (
				35D94D1A29B47C2500086045 /* TitleTableViewCell.swift in Sources */,
				35660B7129B32E67000FC36C /* SearchViewController.swift in Sources */,
				35D94D1329B463B300086045 /* TitleCollectionViewCell.swift in Sources */,
				35660B5B29B3297C000FC36C /* MainTabBarViewController.swift in Sources */,
				35660B7929B37DAD000FC36C /* CollectionViewTableViewCell.swift in Sources */,
				35660B7D29B3C0F0000FC36C /* APICaller.swift in Sources */,
				35660B7B29B38D60000FC36C /* HeroHeaderUIView.swift in Sources */,
				35660B7329B32E89000FC36C /* DownloadsViewController.swift in Sources */,
				35660B5729B3297C000FC36C /* AppDelegate.swift in Sources */,
				35D94D0F29B4526000086045 /* Extensions.swift in Sources */,
				35660B5929B3297C000FC36C /* SceneDelegate.swift in Sources */,
				35660B6F29B32E28000FC36C /* UpcomingViewController.swift in Sources */,
				35660B7F29B3C681000FC36C /* Title.swift in Sources */,
				35660B6C29B32DC2000FC36C /* HomeViewController.swift in Sources */,
				35D94D1C29B4CAB800086045 /* TitleViewModel.swift in Sources */,
			);
			runOnlyForDeploymentPostprocessing = 0;
		};
/* End PBXSourcesBuildPhase section */

/* Begin PBXVariantGroup section */
		35660B6129B3297D000FC36C /* LaunchScreen.storyboard */ = {
			isa = PBXVariantGroup;
			children = (
				35660B6229B3297D000FC36C /* Base */,
			);
			name = LaunchScreen.storyboard;
			sourceTree = "<group>";
		};
/* End PBXVariantGroup section */

/* Begin XCBuildConfiguration section */
		35660B6529B3297D000FC36C /* Debug */ = {
			isa = XCBuildConfiguration;
			buildSettings = {
				ALWAYS_SEARCH_USER_PATHS = NO;
				CLANG_ANALYZER_NONNULL = YES;
				CLANG_ANALYZER_NUMBER_OBJECT_CONVERSION = YES_AGGRESSIVE;
				CLANG_CXX_LANGUAGE_STANDARD = "gnu++20";
				CLANG_ENABLE_MODULES = YES;
				CLANG_ENABLE_OBJC_ARC = YES;
				CLANG_ENABLE_OBJC_WEAK = YES;
				CLANG_WARN_BLOCK_CAPTURE_AUTORELEASING = YES;
				CLANG_WARN_BOOL_CONVERSION = YES;
				CLANG_WARN_COMMA = YES;
				CLANG_WARN_CONSTANT_CONVERSION = YES;
				CLANG_WARN_DEPRECATED_OBJC_IMPLEMENTATIONS = YES;
				CLANG_WARN_DIRECT_OBJC_ISA_USAGE = YES_ERROR;
				CLANG_WARN_DOCUMENTATION_COMMENTS = YES;
				CLANG_WARN_EMPTY_BODY = YES;
				CLANG_WARN_ENUM_CONVERSION = YES;
				CLANG_WARN_INFINITE_RECURSION = YES;
				CLANG_WARN_INT_CONVERSION = YES;
				CLANG_WARN_NON_LITERAL_NULL_CONVERSION = YES;
				CLANG_WARN_OBJC_IMPLICIT_RETAIN_SELF = YES;
				CLANG_WARN_OBJC_LITERAL_CONVERSION = YES;
				CLANG_WARN_OBJC_ROOT_CLASS = YES_ERROR;
				CLANG_WARN_QUOTED_INCLUDE_IN_FRAMEWORK_HEADER = YES;
				CLANG_WARN_RANGE_LOOP_ANALYSIS = YES;
				CLANG_WARN_STRICT_PROTOTYPES = YES;
				CLANG_WARN_SUSPICIOUS_MOVE = YES;
				CLANG_WARN_UNGUARDED_AVAILABILITY = YES_AGGRESSIVE;
				CLANG_WARN_UNREACHABLE_CODE = YES;
				CLANG_WARN__DUPLICATE_METHOD_MATCH = YES;
				COPY_PHASE_STRIP = NO;
				DEBUG_INFORMATION_FORMAT = dwarf;
				ENABLE_STRICT_OBJC_MSGSEND = YES;
				ENABLE_TESTABILITY = YES;
				GCC_C_LANGUAGE_STANDARD = gnu11;
				GCC_DYNAMIC_NO_PIC = NO;
				GCC_NO_COMMON_BLOCKS = YES;
				GCC_OPTIMIZATION_LEVEL = 0;
				GCC_PREPROCESSOR_DEFINITIONS = (
					"DEBUG=1",
					"$(inherited)",
				);
				GCC_WARN_64_TO_32_BIT_CONVERSION = YES;
				GCC_WARN_ABOUT_RETURN_TYPE = YES_ERROR;
				GCC_WARN_UNDECLARED_SELECTOR = YES;
				GCC_WARN_UNINITIALIZED_AUTOS = YES_AGGRESSIVE;
				GCC_WARN_UNUSED_FUNCTION = YES;
				GCC_WARN_UNUSED_VARIABLE = YES;
				IPHONEOS_DEPLOYMENT_TARGET = 16.2;
				MTL_ENABLE_DEBUG_INFO = INCLUDE_SOURCE;
				MTL_FAST_MATH = YES;
				ONLY_ACTIVE_ARCH = YES;
				SDKROOT = iphoneos;
				SWIFT_ACTIVE_COMPILATION_CONDITIONS = DEBUG;
				SWIFT_OPTIMIZATION_LEVEL = "-Onone";
			};
			name = Debug;
		};
		35660B6629B3297D000FC36C /* Release */ = {
			isa = XCBuildConfiguration;
			buildSettings = {
				ALWAYS_SEARCH_USER_PATHS = NO;
				CLANG_ANALYZER_NONNULL = YES;
				CLANG_ANALYZER_NUMBER_OBJECT_CONVERSION = YES_AGGRESSIVE;
				CLANG_CXX_LANGUAGE_STANDARD = "gnu++20";
				CLANG_ENABLE_MODULES = YES;
				CLANG_ENABLE_OBJC_ARC = YES;
				CLANG_ENABLE_OBJC_WEAK = YES;
				CLANG_WARN_BLOCK_CAPTURE_AUTORELEASING = YES;
				CLANG_WARN_BOOL_CONVERSION = YES;
				CLANG_WARN_COMMA = YES;
				CLANG_WARN_CONSTANT_CONVERSION = YES;
				CLANG_WARN_DEPRECATED_OBJC_IMPLEMENTATIONS = YES;
				CLANG_WARN_DIRECT_OBJC_ISA_USAGE = YES_ERROR;
				CLANG_WARN_DOCUMENTATION_COMMENTS = YES;
				CLANG_WARN_EMPTY_BODY = YES;
				CLANG_WARN_ENUM_CONVERSION = YES;
				CLANG_WARN_INFINITE_RECURSION = YES;
				CLANG_WARN_INT_CONVERSION = YES;
				CLANG_WARN_NON_LITERAL_NULL_CONVERSION = YES;
				CLANG_WARN_OBJC_IMPLICIT_RETAIN_SELF = YES;
				CLANG_WARN_OBJC_LITERAL_CONVERSION = YES;
				CLANG_WARN_OBJC_ROOT_CLASS = YES_ERROR;
				CLANG_WARN_QUOTED_INCLUDE_IN_FRAMEWORK_HEADER = YES;
				CLANG_WARN_RANGE_LOOP_ANALYSIS = YES;
				CLANG_WARN_STRICT_PROTOTYPES = YES;
				CLANG_WARN_SUSPICIOUS_MOVE = YES;
				CLANG_WARN_UNGUARDED_AVAILABILITY = YES_AGGRESSIVE;
				CLANG_WARN_UNREACHABLE_CODE = YES;
				CLANG_WARN__DUPLICATE_METHOD_MATCH = YES;
				COPY_PHASE_STRIP = NO;
				DEBUG_INFORMATION_FORMAT = "dwarf-with-dsym";
				ENABLE_NS_ASSERTIONS = NO;
				ENABLE_STRICT_OBJC_MSGSEND = YES;
				GCC_C_LANGUAGE_STANDARD = gnu11;
				GCC_NO_COMMON_BLOCKS = YES;
				GCC_WARN_64_TO_32_BIT_CONVERSION = YES;
				GCC_WARN_ABOUT_RETURN_TYPE = YES_ERROR;
				GCC_WARN_UNDECLARED_SELECTOR = YES;
				GCC_WARN_UNINITIALIZED_AUTOS = YES_AGGRESSIVE;
				GCC_WARN_UNUSED_FUNCTION = YES;
				GCC_WARN_UNUSED_VARIABLE = YES;
				IPHONEOS_DEPLOYMENT_TARGET = 16.2;
				MTL_ENABLE_DEBUG_INFO = NO;
				MTL_FAST_MATH = YES;
				SDKROOT = iphoneos;
				SWIFT_COMPILATION_MODE = wholemodule;
				SWIFT_OPTIMIZATION_LEVEL = "-O";
				VALIDATE_PRODUCT = YES;
			};
			name = Release;
		};
		35660B6829B3297D000FC36C /* Debug */ = {
			isa = XCBuildConfiguration;
			buildSettings = {
				ASSETCATALOG_COMPILER_APPICON_NAME = AppIcon;
				ASSETCATALOG_COMPILER_GLOBAL_ACCENT_COLOR_NAME = AccentColor;
				CODE_SIGN_STYLE = Automatic;
				CURRENT_PROJECT_VERSION = 1;
				DEVELOPMENT_TEAM = 734G6V9GXJ;
				GENERATE_INFOPLIST_FILE = YES;
				INFOPLIST_FILE = Netflix/Info.plist;
				INFOPLIST_KEY_UIApplicationSupportsIndirectInputEvents = YES;
				INFOPLIST_KEY_UILaunchStoryboardName = LaunchScreen;
				INFOPLIST_KEY_UIRequiredDeviceCapabilities = arm64;
				INFOPLIST_KEY_UISupportedInterfaceOrientations_iPad = "UIInterfaceOrientationPortrait UIInterfaceOrientationPortraitUpsideDown UIInterfaceOrientationLandscapeLeft UIInterfaceOrientationLandscapeRight";
				INFOPLIST_KEY_UISupportedInterfaceOrientations_iPhone = "UIInterfaceOrientationPortrait UIInterfaceOrientationLandscapeLeft UIInterfaceOrientationLandscapeRight";
				LD_RUNPATH_SEARCH_PATHS = (
					"$(inherited)",
					"@executable_path/Frameworks",
				);
				MARKETING_VERSION = 1.0;
				PRODUCT_BUNDLE_IDENTIFIER = com.rumenguin.Netflix;
				PRODUCT_NAME = "$(TARGET_NAME)";
				SWIFT_EMIT_LOC_STRINGS = YES;
				SWIFT_VERSION = 5.0;
				TARGETED_DEVICE_FAMILY = "1,2";
			};
			name = Debug;
		};
		35660B6929B3297D000FC36C /* Release */ = {
			isa = XCBuildConfiguration;
			buildSettings = {
				ASSETCATALOG_COMPILER_APPICON_NAME = AppIcon;
				ASSETCATALOG_COMPILER_GLOBAL_ACCENT_COLOR_NAME = AccentColor;
				CODE_SIGN_STYLE = Automatic;
				CURRENT_PROJECT_VERSION = 1;
				DEVELOPMENT_TEAM = 734G6V9GXJ;
				GENERATE_INFOPLIST_FILE = YES;
				INFOPLIST_FILE = Netflix/Info.plist;
				INFOPLIST_KEY_UIApplicationSupportsIndirectInputEvents = YES;
				INFOPLIST_KEY_UILaunchStoryboardName = LaunchScreen;
				INFOPLIST_KEY_UIRequiredDeviceCapabilities = arm64;
				INFOPLIST_KEY_UISupportedInterfaceOrientations_iPad = "UIInterfaceOrientationPortrait UIInterfaceOrientationPortraitUpsideDown UIInterfaceOrientationLandscapeLeft UIInterfaceOrientationLandscapeRight";
				INFOPLIST_KEY_UISupportedInterfaceOrientations_iPhone = "UIInterfaceOrientationPortrait UIInterfaceOrientationLandscapeLeft UIInterfaceOrientationLandscapeRight";
				LD_RUNPATH_SEARCH_PATHS = (
					"$(inherited)",
					"@executable_path/Frameworks",
				);
				MARKETING_VERSION = 1.0;
				PRODUCT_BUNDLE_IDENTIFIER = com.rumenguin.Netflix;
				PRODUCT_NAME = "$(TARGET_NAME)";
				SWIFT_EMIT_LOC_STRINGS = YES;
				SWIFT_VERSION = 5.0;
				TARGETED_DEVICE_FAMILY = "1,2";
			};
			name = Release;
		};
/* End XCBuildConfiguration section */

/* Begin XCConfigurationList section */
		35660B4E29B3297C000FC36C /* Build configuration list for PBXProject "Netflix" */ = {
			isa = XCConfigurationList;
			buildConfigurations = (
				35660B6529B3297D000FC36C /* Debug */,
				35660B6629B3297D000FC36C /* Release */,
			);
			defaultConfigurationIsVisible = 0;
			defaultConfigurationName = Release;
		};
		35660B6729B3297D000FC36C /* Build configuration list for PBXNativeTarget "Netflix" */ = {
			isa = XCConfigurationList;
			buildConfigurations = (
				35660B6829B3297D000FC36C /* Debug */,
				35660B6929B3297D000FC36C /* Release */,
			);
			defaultConfigurationIsVisible = 0;
			defaultConfigurationName = Release;
		};
/* End XCConfigurationList section */

/* Begin XCRemoteSwiftPackageReference section */
		35D94D1429B4657000086045 /* XCRemoteSwiftPackageReference "SDWebImage" */ = {
			isa = XCRemoteSwiftPackageReference;
			repositoryURL = "https://github.com/SDWebImage/SDWebImage.git";
			requirement = {
				branch = master;
				kind = branch;
			};
		};
/* End XCRemoteSwiftPackageReference section */

/* Begin XCSwiftPackageProductDependency section */
		35D94D1529B4657000086045 /* SDWebImage */ = {
			isa = XCSwiftPackageProductDependency;
			package = 35D94D1429B4657000086045 /* XCRemoteSwiftPackageReference "SDWebImage" */;
			productName = SDWebImage;
		};
		35D94D1729B4657000086045 /* SDWebImageMapKit */ = {
			isa = XCSwiftPackageProductDependency;
			package = 35D94D1429B4657000086045 /* XCRemoteSwiftPackageReference "SDWebImage" */;
			productName = SDWebImageMapKit;
		};
/* End XCSwiftPackageProductDependency section */
	};
	rootObject = 35660B4B29B3297C000FC36C /* Project object */;
}
